// !$*UTF8*$!
{
	archiveVersion = 1;
	classes = {
	};
	objectVersion = 56;
	objects = {

/* Begin PBXBuildFile section */
		8DD4F67D2C096A7600F9B512 /* AppDelegate.swift in Sources */ = {isa = PBXBuildFile; fileRef = 8DD4F67C2C096A7600F9B512 /* AppDelegate.swift */; };
		8DD4F67F2C096A7600F9B512 /* SceneDelegate.swift in Sources */ = {isa = PBXBuildFile; fileRef = 8DD4F67E2C096A7600F9B512 /* SceneDelegate.swift */; };
		8DD4F6812C096A7600F9B512 /* ViewController.swift in Sources */ = {isa = PBXBuildFile; fileRef = 8DD4F6802C096A7600F9B512 /* ViewController.swift */; };
		8DD4F6842C096A7600F9B512 /* Base in Resources */ = {isa = PBXBuildFile; fileRef = 8DD4F6832C096A7600F9B512 /* Base */; };
		8DD4F6862C096A7800F9B512 /* Assets.xcassets in Resources */ = {isa = PBXBuildFile; fileRef = 8DD4F6852C096A7800F9B512 /* Assets.xcassets */; };
		8DD4F6892C096A7800F9B512 /* Base in Resources */ = {isa = PBXBuildFile; fileRef = 8DD4F6882C096A7800F9B512 /* Base */; };
		8DD4F6922C096BAA00F9B512 /* WebKit.framework in Frameworks */ = {isa = PBXBuildFile; fileRef = 8DD4F6912C096BAA00F9B512 /* WebKit.framework */; };
		8DD4F6962C0973ED00F9B512 /* GoogleService-Info.plist in Resources */ = {isa = PBXBuildFile; fileRef = 8DD4F6952C0973ED00F9B512 /* GoogleService-Info.plist */; };
		8DD4F6982C097E7B00F9B512 /* Reachability.swift in Sources */ = {isa = PBXBuildFile; fileRef = 8DD4F6972C097E7B00F9B512 /* Reachability.swift */; };
		B08506F49ECC5BA93ED7455F /* Pods_Ace_Edventure.framework in Frameworks */ = {isa = PBXBuildFile; fileRef = E4201650CFF6C6F58D70D7F7 /* Pods_Ace_Edventure.framework */; };
/* End PBXBuildFile section */

/* Begin PBXFileReference section */
		8DD4F6792C096A7600F9B512 /* Ace Edventure.app */ = {isa = PBXFileReference; explicitFileType = wrapper.application; includeInIndex = 0; path = "Ace Edventure.app"; sourceTree = BUILT_PRODUCTS_DIR; };
		8DD4F67C2C096A7600F9B512 /* AppDelegate.swift */ = {isa = PBXFileReference; lastKnownFileType = sourcecode.swift; path = AppDelegate.swift; sourceTree = "<group>"; };
		8DD4F67E2C096A7600F9B512 /* SceneDelegate.swift */ = {isa = PBXFileReference; lastKnownFileType = sourcecode.swift; path = SceneDelegate.swift; sourceTree = "<group>"; };
		8DD4F6802C096A7600F9B512 /* ViewController.swift */ = {isa = PBXFileReference; lastKnownFileType = sourcecode.swift; path = ViewController.swift; sourceTree = "<group>"; };
		8DD4F6832C096A7600F9B512 /* Base */ = {isa = PBXFileReference; lastKnownFileType = file.storyboard; name = Base; path = Base.lproj/Main.storyboard; sourceTree = "<group>"; };
		8DD4F6852C096A7800F9B512 /* Assets.xcassets */ = {isa = PBXFileReference; lastKnownFileType = folder.assetcatalog; path = Assets.xcassets; sourceTree = "<group>"; };
		8DD4F6882C096A7800F9B512 /* Base */ = {isa = PBXFileReference; lastKnownFileType = file.storyboard; name = Base; path = Base.lproj/LaunchScreen.storyboard; sourceTree = "<group>"; };
		8DD4F68A2C096A7800F9B512 /* Info.plist */ = {isa = PBXFileReference; lastKnownFileType = text.plist.xml; path = Info.plist; sourceTree = "<group>"; };
		8DD4F6912C096BAA00F9B512 /* WebKit.framework */ = {isa = PBXFileReference; lastKnownFileType = wrapper.framework; name = WebKit.framework; path = System/Library/Frameworks/WebKit.framework; sourceTree = SDKROOT; };
		8DD4F6952C0973ED00F9B512 /* GoogleService-Info.plist */ = {isa = PBXFileReference; fileEncoding = 4; lastKnownFileType = text.plist.xml; path = "GoogleService-Info.plist"; sourceTree = SOURCE_ROOT; };
		8DD4F6972C097E7B00F9B512 /* Reachability.swift */ = {isa = PBXFileReference; lastKnownFileType = sourcecode.swift; path = Reachability.swift; sourceTree = "<group>"; };
		B06DFE0538C68FA5C2DF0FCB /* Pods-Ace Edventure.release.xcconfig */ = {isa = PBXFileReference; includeInIndex = 1; lastKnownFileType = text.xcconfig; name = "Pods-Ace Edventure.release.xcconfig"; path = "Target Support Files/Pods-Ace Edventure/Pods-Ace Edventure.release.xcconfig"; sourceTree = "<group>"; };
		C9D37685B48E693FB09BD432 /* Pods-Ace Edventure.debug.xcconfig */ = {isa = PBXFileReference; includeInIndex = 1; lastKnownFileType = text.xcconfig; name = "Pods-Ace Edventure.debug.xcconfig"; path = "Target Support Files/Pods-Ace Edventure/Pods-Ace Edventure.debug.xcconfig"; sourceTree = "<group>"; };
		E304D34E2C0EEA6100060C78 /* Ace Edventure.entitlements */ = {isa = PBXFileReference; lastKnownFileType = text.plist.entitlements; path = "Ace Edventure.entitlements"; sourceTree = "<group>"; };
		E4201650CFF6C6F58D70D7F7 /* Pods_Ace_Edventure.framework */ = {isa = PBXFileReference; explicitFileType = wrapper.framework; includeInIndex = 0; path = Pods_Ace_Edventure.framework; sourceTree = BUILT_PRODUCTS_DIR; };
/* End PBXFileReference section */

/* Begin PBXFrameworksBuildPhase section */
		8DD4F6762C096A7600F9B512 /* Frameworks */ = {
			isa = PBXFrameworksBuildPhase;
			buildActionMask = 2147483647;
			files = (
				8DD4F6922C096BAA00F9B512 /* WebKit.framework in Frameworks */,
				B08506F49ECC5BA93ED7455F /* Pods_Ace_Edventure.framework in Frameworks */,
			);
			runOnlyForDeploymentPostprocessing = 0;
		};
/* End PBXFrameworksBuildPhase section */

/* Begin PBXGroup section */
		0885334E8B733062A3AD1087 /* Pods */ = {
			isa = PBXGroup;
			children = (
				C9D37685B48E693FB09BD432 /* Pods-Ace Edventure.debug.xcconfig */,
				B06DFE0538C68FA5C2DF0FCB /* Pods-Ace Edventure.release.xcconfig */,
			);
			path = Pods;
			sourceTree = "<group>";
		};
		8DD4F6702C096A7600F9B512 = {
			isa = PBXGroup;
			children = (
				8DD4F67B2C096A7600F9B512 /* Ace Edventure */,
				8DD4F67A2C096A7600F9B512 /* Products */,
				8DD4F6902C096BAA00F9B512 /* Frameworks */,
				0885334E8B733062A3AD1087 /* Pods */,
			);
			sourceTree = "<group>";
		};
		8DD4F67A2C096A7600F9B512 /* Products */ = {
			isa = PBXGroup;
			children = (
				8DD4F6792C096A7600F9B512 /* Ace Edventure.app */,
			);
			name = Products;
			sourceTree = "<group>";
		};
		8DD4F67B2C096A7600F9B512 /* Ace Edventure */ = {
			isa = PBXGroup;
			children = (
				E304D34E2C0EEA6100060C78 /* Ace Edventure.entitlements */,
				8DD4F6952C0973ED00F9B512 /* GoogleService-Info.plist */,
				8DD4F67C2C096A7600F9B512 /* AppDelegate.swift */,
				8DD4F67E2C096A7600F9B512 /* SceneDelegate.swift */,
				8DD4F6802C096A7600F9B512 /* ViewController.swift */,
				8DD4F6822C096A7600F9B512 /* Main.storyboard */,
				8DD4F6852C096A7800F9B512 /* Assets.xcassets */,
				8DD4F6872C096A7800F9B512 /* LaunchScreen.storyboard */,
				8DD4F68A2C096A7800F9B512 /* Info.plist */,
				8DD4F6972C097E7B00F9B512 /* Reachability.swift */,
			);
			path = "Ace Edventure";
			sourceTree = "<group>";
		};
		8DD4F6902C096BAA00F9B512 /* Frameworks */ = {
			isa = PBXGroup;
			children = (
				8DD4F6912C096BAA00F9B512 /* WebKit.framework */,
				E4201650CFF6C6F58D70D7F7 /* Pods_Ace_Edventure.framework */,
			);
			name = Frameworks;
			sourceTree = "<group>";
		};
/* End PBXGroup section */

/* Begin PBXNativeTarget section */
		8DD4F6782C096A7600F9B512 /* Ace Edventure */ = {
			isa = PBXNativeTarget;
			buildConfigurationList = 8DD4F68D2C096A7800F9B512 /* Build configuration list for PBXNativeTarget "Ace Edventure" */;
			buildPhases = (
				3AC1FC385A9DFEF307D84110 /* [CP] Check Pods Manifest.lock */,
				8DD4F6752C096A7600F9B512 /* Sources */,
				8DD4F6762C096A7600F9B512 /* Frameworks */,
				8DD4F6772C096A7600F9B512 /* Resources */,
				48C88986925547BE475A8DCC /* [CP] Embed Pods Frameworks */,
			);
			buildRules = (
			);
			dependencies = (
			);
			name = "Ace Edventure";
			productName = "Ace Edventure";
			productReference = 8DD4F6792C096A7600F9B512 /* Ace Edventure.app */;
			productType = "com.apple.product-type.application";
		};
/* End PBXNativeTarget section */

/* Begin PBXProject section */
		8DD4F6712C096A7600F9B512 /* Project object */ = {
			isa = PBXProject;
			attributes = {
				BuildIndependentTargetsInParallel = 1;
				LastSwiftUpdateCheck = 1530;
				LastUpgradeCheck = 1530;
				TargetAttributes = {
					8DD4F6782C096A7600F9B512 = {
						CreatedOnToolsVersion = 15.3;
					};
				};
			};
			buildConfigurationList = 8DD4F6742C096A7600F9B512 /* Build configuration list for PBXProject "Ace Edventure" */;
			compatibilityVersion = "Xcode 14.0";
			developmentRegion = en;
			hasScannedForEncodings = 0;
			knownRegions = (
				en,
				Base,
			);
			mainGroup = 8DD4F6702C096A7600F9B512;
			productRefGroup = 8DD4F67A2C096A7600F9B512 /* Products */;
			projectDirPath = "";
			projectRoot = "";
			targets = (
				8DD4F6782C096A7600F9B512 /* Ace Edventure */,
			);
		};
/* End PBXProject section */

/* Begin PBXResourcesBuildPhase section */
		8DD4F6772C096A7600F9B512 /* Resources */ = {
			isa = PBXResourcesBuildPhase;
			buildActionMask = 2147483647;
			files = (
				8DD4F6862C096A7800F9B512 /* Assets.xcassets in Resources */,
				8DD4F6962C0973ED00F9B512 /* GoogleService-Info.plist in Resources */,
				8DD4F6892C096A7800F9B512 /* Base in Resources */,
				8DD4F6842C096A7600F9B512 /* Base in Resources */,
			);
			runOnlyForDeploymentPostprocessing = 0;
		};
/* End PBXResourcesBuildPhase section */

/* Begin PBXShellScriptBuildPhase section */
		3AC1FC385A9DFEF307D84110 /* [CP] Check Pods Manifest.lock */ = {
			isa = PBXShellScriptBuildPhase;
			buildActionMask = 2147483647;
			files = (
			);
			inputFileListPaths = (
			);
			inputPaths = (
				"${PODS_PODFILE_DIR_PATH}/Podfile.lock",
				"${PODS_ROOT}/Manifest.lock",
			);
			name = "[CP] Check Pods Manifest.lock";
			outputFileListPaths = (
			);
			outputPaths = (
				"$(DERIVED_FILE_DIR)/Pods-Ace Edventure-checkManifestLockResult.txt",
			);
			runOnlyForDeploymentPostprocessing = 0;
			shellPath = /bin/sh;
			shellScript = "diff \"${PODS_PODFILE_DIR_PATH}/Podfile.lock\" \"${PODS_ROOT}/Manifest.lock\" > /dev/null\nif [ $? != 0 ] ; then\n    # print error to STDERR\n    echo \"error: The sandbox is not in sync with the Podfile.lock. Run 'pod install' or update your CocoaPods installation.\" >&2\n    exit 1\nfi\n# This output is used by Xcode 'outputs' to avoid re-running this script phase.\necho \"SUCCESS\" > \"${SCRIPT_OUTPUT_FILE_0}\"\n";
			showEnvVarsInLog = 0;
		};
		48C88986925547BE475A8DCC /* [CP] Embed Pods Frameworks */ = {
			isa = PBXShellScriptBuildPhase;
			buildActionMask = 2147483647;
			files = (
			);
			inputFileListPaths = (
				"${PODS_ROOT}/Target Support Files/Pods-Ace Edventure/Pods-Ace Edventure-frameworks-${CONFIGURATION}-input-files.xcfilelist",
			);
			name = "[CP] Embed Pods Frameworks";
			outputFileListPaths = (
				"${PODS_ROOT}/Target Support Files/Pods-Ace Edventure/Pods-Ace Edventure-frameworks-${CONFIGURATION}-output-files.xcfilelist",
			);
			runOnlyForDeploymentPostprocessing = 0;
			shellPath = /bin/sh;
			shellScript = "\"${PODS_ROOT}/Target Support Files/Pods-Ace Edventure/Pods-Ace Edventure-frameworks.sh\"\n";
			showEnvVarsInLog = 0;
		};
/* End PBXShellScriptBuildPhase section */

/* Begin PBXSourcesBuildPhase section */
		8DD4F6752C096A7600F9B512 /* Sources */ = {
			isa = PBXSourcesBuildPhase;
			buildActionMask = 2147483647;
			files = (
				8DD4F6812C096A7600F9B512 /* ViewController.swift in Sources */,
				8DD4F67D2C096A7600F9B512 /* AppDelegate.swift in Sources */,
				8DD4F6982C097E7B00F9B512 /* Reachability.swift in Sources */,
				8DD4F67F2C096A7600F9B512 /* SceneDelegate.swift in Sources */,
			);
			runOnlyForDeploymentPostprocessing = 0;
		};
/* End PBXSourcesBuildPhase section */

/* Begin PBXVariantGroup section */
		8DD4F6822C096A7600F9B512 /* Main.storyboard */ = {
			isa = PBXVariantGroup;
			children = (
				8DD4F6832C096A7600F9B512 /* Base */,
			);
			name = Main.storyboard;
			sourceTree = "<group>";
		};
		8DD4F6872C096A7800F9B512 /* LaunchScreen.storyboard */ = {
			isa = PBXVariantGroup;
			children = (
				8DD4F6882C096A7800F9B512 /* Base */,
			);
			name = LaunchScreen.storyboard;
			sourceTree = "<group>";
		};
/* End PBXVariantGroup section */

/* Begin XCBuildConfiguration section */
		8DD4F68B2C096A7800F9B512 /* Debug */ = {
			isa = XCBuildConfiguration;
			buildSettings = {
				ALWAYS_SEARCH_USER_PATHS = NO;
				ASSETCATALOG_COMPILER_GENERATE_SWIFT_ASSET_SYMBOL_EXTENSIONS = YES;
				CLANG_ANALYZER_NONNULL = YES;
				CLANG_ANALYZER_NUMBER_OBJECT_CONVERSION = YES_AGGRESSIVE;
				CLANG_CXX_LANGUAGE_STANDARD = "gnu++20";
				CLANG_ENABLE_MODULES = YES;
				CLANG_ENABLE_OBJC_ARC = YES;
				CLANG_ENABLE_OBJC_WEAK = YES;
				CLANG_WARN_BLOCK_CAPTURE_AUTORELEASING = YES;
				CLANG_WARN_BOOL_CONVERSION = YES;
				CLANG_WARN_COMMA = YES;
				CLANG_WARN_CONSTANT_CONVERSION = YES;
				CLANG_WARN_DEPRECATED_OBJC_IMPLEMENTATIONS = YES;
				CLANG_WARN_DIRECT_OBJC_ISA_USAGE = YES_ERROR;
				CLANG_WARN_DOCUMENTATION_COMMENTS = YES;
				CLANG_WARN_EMPTY_BODY = YES;
				CLANG_WARN_ENUM_CONVERSION = YES;
				CLANG_WARN_INFINITE_RECURSION = YES;
				CLANG_WARN_INT_CONVERSION = YES;
				CLANG_WARN_NON_LITERAL_NULL_CONVERSION = YES;
				CLANG_WARN_OBJC_IMPLICIT_RETAIN_SELF = YES;
				CLANG_WARN_OBJC_LITERAL_CONVERSION = YES;
				CLANG_WARN_OBJC_ROOT_CLASS = YES_ERROR;
				CLANG_WARN_QUOTED_INCLUDE_IN_FRAMEWORK_HEADER = YES;
				CLANG_WARN_RANGE_LOOP_ANALYSIS = YES;
				CLANG_WARN_STRICT_PROTOTYPES = YES;
				CLANG_WARN_SUSPICIOUS_MOVE = YES;
				CLANG_WARN_UNGUARDED_AVAILABILITY = YES_AGGRESSIVE;
				CLANG_WARN_UNREACHABLE_CODE = YES;
				CLANG_WARN__DUPLICATE_METHOD_MATCH = YES;
				COPY_PHASE_STRIP = NO;
				DEBUG_INFORMATION_FORMAT = dwarf;
				ENABLE_STRICT_OBJC_MSGSEND = YES;
				ENABLE_TESTABILITY = YES;
				ENABLE_USER_SCRIPT_SANDBOXING = YES;
				GCC_C_LANGUAGE_STANDARD = gnu17;
				GCC_DYNAMIC_NO_PIC = NO;
				GCC_NO_COMMON_BLOCKS = YES;
				GCC_OPTIMIZATION_LEVEL = 0;
				GCC_PREPROCESSOR_DEFINITIONS = (
					"DEBUG=1",
					"$(inherited)",
				);
				GCC_WARN_64_TO_32_BIT_CONVERSION = YES;
				GCC_WARN_ABOUT_RETURN_TYPE = YES_ERROR;
				GCC_WARN_UNDECLARED_SELECTOR = YES;
				GCC_WARN_UNINITIALIZED_AUTOS = YES_AGGRESSIVE;
				GCC_WARN_UNUSED_FUNCTION = YES;
				GCC_WARN_UNUSED_VARIABLE = YES;
				IPHONEOS_DEPLOYMENT_TARGET = 17.4;
				LOCALIZATION_PREFERS_STRING_CATALOGS = YES;
				MTL_ENABLE_DEBUG_INFO = INCLUDE_SOURCE;
				MTL_FAST_MATH = YES;
				ONLY_ACTIVE_ARCH = YES;
				SDKROOT = iphoneos;
				SWIFT_ACTIVE_COMPILATION_CONDITIONS = "DEBUG $(inherited)";
				SWIFT_OPTIMIZATION_LEVEL = "-Onone";
			};
			name = Debug;
		};
		8DD4F68C2C096A7800F9B512 /* Release */ = {
			isa = XCBuildConfiguration;
			buildSettings = {
				ALWAYS_SEARCH_USER_PATHS = NO;
				ASSETCATALOG_COMPILER_GENERATE_SWIFT_ASSET_SYMBOL_EXTENSIONS = YES;
				CLANG_ANALYZER_NONNULL = YES;
				CLANG_ANALYZER_NUMBER_OBJECT_CONVERSION = YES_AGGRESSIVE;
				CLANG_CXX_LANGUAGE_STANDARD = "gnu++20";
				CLANG_ENABLE_MODULES = YES;
				CLANG_ENABLE_OBJC_ARC = YES;
				CLANG_ENABLE_OBJC_WEAK = YES;
				CLANG_WARN_BLOCK_CAPTURE_AUTORELEASING = YES;
				CLANG_WARN_BOOL_CONVERSION = YES;
				CLANG_WARN_COMMA = YES;
				CLANG_WARN_CONSTANT_CONVERSION = YES;
				CLANG_WARN_DEPRECATED_OBJC_IMPLEMENTATIONS = YES;
				CLANG_WARN_DIRECT_OBJC_ISA_USAGE = YES_ERROR;
				CLANG_WARN_DOCUMENTATION_COMMENTS = YES;
				CLANG_WARN_EMPTY_BODY = YES;
				CLANG_WARN_ENUM_CONVERSION = YES;
				CLANG_WARN_INFINITE_RECURSION = YES;
				CLANG_WARN_INT_CONVERSION = YES;
				CLANG_WARN_NON_LITERAL_NULL_CONVERSION = YES;
				CLANG_WARN_OBJC_IMPLICIT_RETAIN_SELF = YES;
				CLANG_WARN_OBJC_LITERAL_CONVERSION = YES;
				CLANG_WARN_OBJC_ROOT_CLASS = YES_ERROR;
				CLANG_WARN_QUOTED_INCLUDE_IN_FRAMEWORK_HEADER = YES;
				CLANG_WARN_RANGE_LOOP_ANALYSIS = YES;
				CLANG_WARN_STRICT_PROTOTYPES = YES;
				CLANG_WARN_SUSPICIOUS_MOVE = YES;
				CLANG_WARN_UNGUARDED_AVAILABILITY = YES_AGGRESSIVE;
				CLANG_WARN_UNREACHABLE_CODE = YES;
				CLANG_WARN__DUPLICATE_METHOD_MATCH = YES;
				COPY_PHASE_STRIP = NO;
				DEBUG_INFORMATION_FORMAT = "dwarf-with-dsym";
				ENABLE_NS_ASSERTIONS = NO;
				ENABLE_STRICT_OBJC_MSGSEND = YES;
				ENABLE_USER_SCRIPT_SANDBOXING = YES;
				GCC_C_LANGUAGE_STANDARD = gnu17;
				GCC_NO_COMMON_BLOCKS = YES;
				GCC_WARN_64_TO_32_BIT_CONVERSION = YES;
				GCC_WARN_ABOUT_RETURN_TYPE = YES_ERROR;
				GCC_WARN_UNDECLARED_SELECTOR = YES;
				GCC_WARN_UNINITIALIZED_AUTOS = YES_AGGRESSIVE;
				GCC_WARN_UNUSED_FUNCTION = YES;
				GCC_WARN_UNUSED_VARIABLE = YES;
				IPHONEOS_DEPLOYMENT_TARGET = 17.4;
				LOCALIZATION_PREFERS_STRING_CATALOGS = YES;
				MTL_ENABLE_DEBUG_INFO = NO;
				MTL_FAST_MATH = YES;
				SDKROOT = iphoneos;
				SWIFT_COMPILATION_MODE = wholemodule;
				VALIDATE_PRODUCT = YES;
			};
			name = Release;
		};
		8DD4F68E2C096A7800F9B512 /* Debug */ = {
			isa = XCBuildConfiguration;
			baseConfigurationReference = C9D37685B48E693FB09BD432 /* Pods-Ace Edventure.debug.xcconfig */;
			buildSettings = {
				ASSETCATALOG_COMPILER_APPICON_NAME = AppIcon;
				ASSETCATALOG_COMPILER_GLOBAL_ACCENT_COLOR_NAME = AccentColor;
				CODE_SIGN_ENTITLEMENTS = "Ace Edventure/Ace Edventure.entitlements";
				CODE_SIGN_STYLE = Automatic;
				CURRENT_PROJECT_VERSION = 1;
				DEVELOPMENT_TEAM = 8Z9QF2JQ56;
				ENABLE_USER_SCRIPT_SANDBOXING = NO;
				GENERATE_INFOPLIST_FILE = YES;
				INFOPLIST_FILE = "Ace Edventure/Info.plist";
				INFOPLIST_KEY_UIApplicationSupportsIndirectInputEvents = YES;
				INFOPLIST_KEY_UILaunchStoryboardName = LaunchScreen;
				INFOPLIST_KEY_UIMainStoryboardFile = Main;
				INFOPLIST_KEY_UISupportedInterfaceOrientations_iPad = "UIInterfaceOrientationPortrait UIInterfaceOrientationPortraitUpsideDown UIInterfaceOrientationLandscapeLeft UIInterfaceOrientationLandscapeRight";
				INFOPLIST_KEY_UISupportedInterfaceOrientations_iPhone = "UIInterfaceOrientationPortrait UIInterfaceOrientationLandscapeLeft UIInterfaceOrientationLandscapeRight";
				IPHONEOS_DEPLOYMENT_TARGET = 17.0;
				LD_RUNPATH_SEARCH_PATHS = (
					"$(inherited)",
					"@executable_path/Frameworks",
				);
				MARKETING_VERSION = 1.0;
				PRODUCT_BUNDLE_IDENTIFIER = "smartlab.Ace-Edventure";
				PRODUCT_NAME = "$(TARGET_NAME)";
				SWIFT_EMIT_LOC_STRINGS = YES;
				SWIFT_VERSION = 5.0;
				TARGETED_DEVICE_FAMILY = "1,2";
			};
			name = Debug;
		};
		8DD4F68F2C096A7800F9B512 /* Release */ = {
			isa = XCBuildConfiguration;
			baseConfigurationReference = B06DFE0538C68FA5C2DF0FCB /* Pods-Ace Edventure.release.xcconfig */;
			buildSettings = {
				ASSETCATALOG_COMPILER_APPICON_NAME = AppIcon;
				ASSETCATALOG_COMPILER_GLOBAL_ACCENT_COLOR_NAME = AccentColor;
				CODE_SIGN_ENTITLEMENTS = "Ace Edventure/Ace Edventure.entitlements";
				CODE_SIGN_STYLE = Automatic;
				CURRENT_PROJECT_VERSION = 1;
				DEVELOPMENT_TEAM = 8Z9QF2JQ56;
				ENABLE_USER_SCRIPT_SANDBOXING = NO;
				GENERATE_INFOPLIST_FILE = YES;
				INFOPLIST_FILE = "Ace Edventure/Info.plist";
				INFOPLIST_KEY_UIApplicationSupportsIndirectInputEvents = YES;
				INFOPLIST_KEY_UILaunchStoryboardName = LaunchScreen;
				INFOPLIST_KEY_UIMainStoryboardFile = Main;
				INFOPLIST_KEY_UISupportedInterfaceOrientations_iPad = "UIInterfaceOrientationPortrait UIInterfaceOrientationPortraitUpsideDown UIInterfaceOrientationLandscapeLeft UIInterfaceOrientationLandscapeRight";
				INFOPLIST_KEY_UISupportedInterfaceOrientations_iPhone = "UIInterfaceOrientationPortrait UIInterfaceOrientationLandscapeLeft UIInterfaceOrientationLandscapeRight";
				IPHONEOS_DEPLOYMENT_TARGET = 17.0;
				LD_RUNPATH_SEARCH_PATHS = (
					"$(inherited)",
					"@executable_path/Frameworks",
				);
				MARKETING_VERSION = 1.0;
				PRODUCT_BUNDLE_IDENTIFIER = "smartlab.Ace-Edventure";
				PRODUCT_NAME = "$(TARGET_NAME)";
				SWIFT_EMIT_LOC_STRINGS = YES;
				SWIFT_VERSION = 5.0;
				TARGETED_DEVICE_FAMILY = "1,2";
			};
			name = Release;
		};
/* End XCBuildConfiguration section */

/* Begin XCConfigurationList section */
		8DD4F6742C096A7600F9B512 /* Build configuration list for PBXProject "Ace Edventure" */ = {
			isa = XCConfigurationList;
			buildConfigurations = (
				8DD4F68B2C096A7800F9B512 /* Debug */,
				8DD4F68C2C096A7800F9B512 /* Release */,
			);
			defaultConfigurationIsVisible = 0;
			defaultConfigurationName = Release;
		};
		8DD4F68D2C096A7800F9B512 /* Build configuration list for PBXNativeTarget "Ace Edventure" */ = {
			isa = XCConfigurationList;
			buildConfigurations = (
				8DD4F68E2C096A7800F9B512 /* Debug */,
				8DD4F68F2C096A7800F9B512 /* Release */,
			);
			defaultConfigurationIsVisible = 0;
			defaultConfigurationName = Release;
		};
/* End XCConfigurationList section */
	};
	rootObject = 8DD4F6712C096A7600F9B512 /* Project object */;
}
